
Microsoft Visual Studio Solution File, Format Version 12.00
# Visual Studio Version 17
VisualStudioVersion = 17.12.35527.113 d17.12
MinimumVisualStudioVersion = 10.0.40219.1
Project("{FAE04EC0-301F-11D3-BF4B-00C04F79EFBC}") = "Presentation", "Presentation\Presentation.csproj", "{08B1EE15-E183-408C-9DDB-59C67E070C5E}"
EndProject
Project("{FAE04EC0-301F-11D3-BF4B-00C04F79EFBC}") = "Utilities", "Utilities\Utilities.csproj", "{D104C58B-A756-4968-9200-C56B737EE48F}"
EndProject
Project("{FAE04EC0-301F-11D3-BF4B-00C04F79EFBC}") = "Test", "Test\Test.csproj", "{BC8E6057-6C08-4B80-BF1E-04672D92FF9E}"
EndProject
Project("{FAE04EC0-301F-11D3-BF4B-00C04F79EFBC}") = "Database", "Database\Database.csproj", "{1B0BB161-3676-439A-ACF0-F3C09D2F93F7}"
EndProject
Global
	GlobalSection(SolutionConfigurationPlatforms) = preSolution
		Debug|Any CPU = Debug|Any CPU
		Release|Any CPU = Release|Any CPU
	EndGlobalSection
	GlobalSection(ProjectConfigurationPlatforms) = postSolution
		{08B1EE15-E183-408C-9DDB-59C67E070C5E}.Debug|Any CPU.ActiveCfg = Debug|Any CPU
		{08B1EE15-E183-408C-9DDB-59C67E070C5E}.Debug|Any CPU.Build.0 = Debug|Any CPU
		{08B1EE15-E183-408C-9DDB-59C67E070C5E}.Release|Any CPU.ActiveCfg = Release|Any CPU
		{08B1EE15-E183-408C-9DDB-59C67E070C5E}.Release|Any CPU.Build.0 = Release|Any CPU
		{D104C58B-A756-4968-9200-C56B737EE48F}.Debug|Any CPU.ActiveCfg = Debug|Any CPU
		{D104C58B-A756-4968-9200-C56B737EE48F}.Debug|Any CPU.Build.0 = Debug|Any CPU
		{D104C58B-A756-4968-9200-C56B737EE48F}.Release|Any CPU.ActiveCfg = Release|Any CPU
		{D104C58B-A756-4968-9200-C56B737EE48F}.Release|Any CPU.Build.0 = Release|Any CPU
		{BC8E6057-6C08-4B80-BF1E-04672D92FF9E}.Debug|Any CPU.ActiveCfg = Debug|Any CPU
		{BC8E6057-6C08-4B80-BF1E-04672D92FF9E}.Debug|Any CPU.Build.0 = Debug|Any CPU
		{BC8E6057-6C08-4B80-BF1E-04672D92FF9E}.Release|Any CPU.ActiveCfg = Release|Any CPU
		{BC8E6057-6C08-4B80-BF1E-04672D92FF9E}.Release|Any CPU.Build.0 = Release|Any CPU
		{1B0BB161-3676-439A-ACF0-F3C09D2F93F7}.Debug|Any CPU.ActiveCfg = Debug|Any CPU
		{1B0BB161-3676-439A-ACF0-F3C09D2F93F7}.Debug|Any CPU.Build.0 = Debug|Any CPU
		{1B0BB161-3676-439A-ACF0-F3C09D2F93F7}.Release|Any CPU.ActiveCfg = Release|Any CPU
		{1B0BB161-3676-439A-ACF0-F3C09D2F93F7}.Release|Any CPU.Build.0 = Release|Any CPU
	EndGlobalSection
	GlobalSection(SolutionProperties) = preSolution
		HideSolutionNode = FALSE
	EndGlobalSection
EndGlobal
